
Microsoft Visual Studio Solution File, Format Version 12.00
# Visual Studio Version 16
VisualStudioVersion = 16.0.29503.13
MinimumVisualStudioVersion = 10.0.40219.1
Project("{FAE04EC0-301F-11D3-BF4B-00C04F79EFBC}") = "QuickBuy.Dominio", "QuickBuy.Dominio\QuickBuy.Dominio.csproj", "{23A601E8-6DEC-4135-B568-FB170CC796F3}"
EndProject
Project("{FAE04EC0-301F-11D3-BF4B-00C04F79EFBC}") = "QuickBuy.Repositorio", "QuickBuy.Repositorio\QuickBuy.Repositorio.csproj", "{6360D47C-D32C-443D-B09B-890C5A148323}"
EndProject
Project("{FAE04EC0-301F-11D3-BF4B-00C04F79EFBC}") = "QuickBuy.Web", "QuickBuy.Web\QuickBuy.Web.csproj", "{0F1DA5E7-F7EF-4E28-A5F5-DEF3937737F0}"
EndProject
Global
	GlobalSection(SolutionConfigurationPlatforms) = preSolution
		Debug|Any CPU = Debug|Any CPU
		Release|Any CPU = Release|Any CPU
	EndGlobalSection
	GlobalSection(ProjectConfigurationPlatforms) = postSolution
		{23A601E8-6DEC-4135-B568-FB170CC796F3}.Debug|Any CPU.ActiveCfg = Debug|Any CPU
		{23A601E8-6DEC-4135-B568-FB170CC796F3}.Debug|Any CPU.Build.0 = Debug|Any CPU
		{23A601E8-6DEC-4135-B568-FB170CC796F3}.Release|Any CPU.ActiveCfg = Release|Any CPU
		{23A601E8-6DEC-4135-B568-FB170CC796F3}.Release|Any CPU.Build.0 = Release|Any CPU
		{6360D47C-D32C-443D-B09B-890C5A148323}.Debug|Any CPU.ActiveCfg = Debug|Any CPU
		{6360D47C-D32C-443D-B09B-890C5A148323}.Debug|Any CPU.Build.0 = Debug|Any CPU
		{6360D47C-D32C-443D-B09B-890C5A148323}.Release|Any CPU.ActiveCfg = Release|Any CPU
		{6360D47C-D32C-443D-B09B-890C5A148323}.Release|Any CPU.Build.0 = Release|Any CPU
		{0F1DA5E7-F7EF-4E28-A5F5-DEF3937737F0}.Debug|Any CPU.ActiveCfg = Debug|Any CPU
		{0F1DA5E7-F7EF-4E28-A5F5-DEF3937737F0}.Debug|Any CPU.Build.0 = Debug|Any CPU
		{0F1DA5E7-F7EF-4E28-A5F5-DEF3937737F0}.Release|Any CPU.ActiveCfg = Release|Any CPU
		{0F1DA5E7-F7EF-4E28-A5F5-DEF3937737F0}.Release|Any CPU.Build.0 = Release|Any CPU
	EndGlobalSection
	GlobalSection(SolutionProperties) = preSolution
		HideSolutionNode = FALSE
	EndGlobalSection
	GlobalSection(ExtensibilityGlobals) = postSolution
		SolutionGuid = {F667EF6B-05BC-4B2E-8642-B5A24C29FA11}
	EndGlobalSection
EndGlobal
